<?xml version="1.0" encoding="utf-8"?>
<Project ToolsVersion="4.0" xmlns="http://schemas.microsoft.com/developer/msbuild/2003">
  <ItemGroup>
    <Filter Include="Source Files">
      <UniqueIdentifier>{4FC737F1-C7A5-4376-A066-2A32D752A2FF}</UniqueIdentifier>
      <Extensions>cpp;c;cc;cxx;def;odl;idl;hpj;bat;asm;asmx</Extensions>
    </Filter>
    <Filter Include="Header Files">
      <UniqueIdentifier>{93995380-89BD-4b04-88EB-625FBE52EBFB}</UniqueIdentifier>
      <Extensions>h;hpp;hxx;hm;inl;inc;xsd</Extensions>
    </Filter>
    <Filter Include="Resource Files">
      <UniqueIdentifier>{67DA6AB6-F800-4c08-8B7A-83BB121AAD01}</UniqueIdentifier>
      <Extensions>rc;ico;cur;bmp;dlg;rc2;rct;bin;rgs;gif;jpg;jpeg;jpe;resx;tiff;tif;png;wav</Extensions>
    </Filter>
    <Filter Include="Blocks">
      <UniqueIdentifier>{57AE8D6E-DF37-492D-AC2E-96AB385CE410}</UniqueIdentifier>
    </Filter>
    <Filter Include="Blocks\G3log">
      <UniqueIdentifier>{E2F3ABD0-169C-42A2-A3AE-6B964EEC0EDC}</UniqueIdentifier>
    </Filter>
    <Filter Include="Blocks\G3log\src">
      <UniqueIdentifier>{41F7DF86-4FF1-41DC-8AE7-2AD3149D05CB}</UniqueIdentifier>
    </Filter>
  </ItemGroup>
  <ItemGroup>
    <ClCompile Include="..\src\G3logBasicApp.cpp">
      <Filter>Source Files</Filter>
    </ClCompile>
    <ClCompile Include="..\src\G3logBasicApp.cpp">
      <Filter>Source Files</Filter>
    </ClCompile>
    <ClInclude Include="..\include\Resources.h">
      <Filter>Header Files</Filter>
    </ClInclude>
    <ClInclude Include="..\..\..\src\CinderG3log.h">
      <Filter>Blocks\G3log\src</Filter>
    </ClInclude>
    <ClInclude Include="..\..\..\src\CinderToG3loggerRouter.h">
      <Filter>Blocks\G3log\src</Filter>
    </ClInclude>
    <ClInclude Include="..\..\..\src\ExtraLogLevels.h">
      <Filter>Blocks\G3log\src</Filter>
    </ClInclude>
    <ClCompile Include="..\..\..\src\CinderG3log.cpp">
      <Filter>Blocks\G3log\src</Filter>
    </ClCompile>
  </ItemGroup>
  <ItemGroup>
    <ClInclude Include="..\include\Resources.h">
      <Filter>Header Files</Filter>
    </ClInclude>
    <ClInclude Include="..\..\..\src\ConsoleSink.h">
      <Filter>Blocks\G3log\src</Filter>
    </ClInclude>
  </ItemGroup>
  <ItemGroup>
    <ResourceCompile Include="Resources.rc">
      <Filter>Resource Files</Filter>
    </ResourceCompile>
  </ItemGroup>
</Project>